{
  "version": 4,
  "terraform_version": "1.5.7",
  "serial": 4,
  "lineage": "3f4230a5-6c4e-0165-5ee6-b527966bc165",
  "outputs": {},
  "resources": [
    {
      "mode": "managed",
      "type": "aws_default_vpc",
      "name": "default",
      "provider": "provider[\"registry.terraform.io/hashicorp/aws\"]",
      "instances": [
        {
          "schema_version": 1,
          "attributes": {
            "arn": "arn:aws:ec2:us-east-1:137068224818:vpc/vpc-05df155b01d2e1aea",
            "assign_generated_ipv6_cidr_block": false,
            "cidr_block": "172.31.0.0/16",
            "default_network_acl_id": "acl-0be09481509ae6246",
            "default_route_table_id": "rtb-094822367d3ea7abd",
            "default_security_group_id": "sg-09ddf937914587d2e",
            "dhcp_options_id": "dopt-0115404f3cabe3f5f",
            "enable_dns_hostnames": true,
            "enable_dns_support": true,
            "enable_network_address_usage_metrics": false,
            "existing_default_vpc": false,
            "force_destroy": false,
            "id": "vpc-05df155b01d2e1aea",
            "instance_tenancy": "default",
            "ipv6_association_id": "",
            "ipv6_cidr_block": "",
            "ipv6_cidr_block_network_border_group": "",
            "ipv6_ipam_pool_id": "",
            "ipv6_netmask_length": 0,
            "main_route_table_id": "rtb-094822367d3ea7abd",
            "owner_id": "137068224818",
            "tags": {
              "Name": "Default VPC"
            },
            "tags_all": {
              "Name": "Default VPC"
            }
          },
          "sensitive_attributes": [],
          "private": "eyJzY2hlbWFfdmVyc2lvbiI6IjEifQ=="
        }
      ]
    }
  ],
  "check_results": null
}
