{
  "version": 4,
  "terraform_version": "1.5.7",
  "serial": 224,
  "lineage": "3f4230a5-6c4e-0165-5ee6-b527966bc165",
  "outputs": {
    "set_output": {
      "value": [
        "us-east-1",
        "us-west-1"
      ],
      "type": [
        "set",
        "string"
      ]
    }
  },
  "resources": [
    {
      "mode": "managed",
      "type": "aws_default_vpc",
      "name": "default",
      "provider": "provider[\"registry.terraform.io/hashicorp/aws\"]",
      "instances": [
        {
          "schema_version": 1,
          "attributes": {
            "arn": "arn:aws:ec2:us-east-1:137068224818:vpc/vpc-0cfaa99a0b477fa06",
            "assign_generated_ipv6_cidr_block": false,
            "cidr_block": "172.31.0.0/16",
            "default_network_acl_id": "acl-06ab774d2973d6c8e",
            "default_route_table_id": "rtb-0e7180f03ed10c6da",
            "default_security_group_id": "sg-034cdd00c26d5c4cf",
            "dhcp_options_id": "dopt-0115404f3cabe3f5f",
            "enable_dns_hostnames": true,
            "enable_dns_support": true,
            "enable_network_address_usage_metrics": false,
            "existing_default_vpc": false,
            "force_destroy": false,
            "id": "vpc-0cfaa99a0b477fa06",
            "instance_tenancy": "default",
            "ipv6_association_id": "",
            "ipv6_cidr_block": "",
            "ipv6_cidr_block_network_border_group": "",
            "ipv6_ipam_pool_id": "",
            "ipv6_netmask_length": 0,
            "main_route_table_id": "rtb-0e7180f03ed10c6da",
            "owner_id": "137068224818",
            "tags": {
              "Name": "Default VPC"
            },
            "tags_all": {
              "Name": "Default VPC"
            }
          },
          "sensitive_attributes": [],
          "private": "eyJzY2hlbWFfdmVyc2lvbiI6IjEifQ=="
        }
      ]
    }
  ],
  "check_results": null
}
